Microsoft Visual Studio Solution File, Format Version 12.00
# Visual Studio Version 17
VisualStudioVersion = 17.5.2.0
MinimumVisualStudioVersion = 10.0.40219.1
Project("{FAE04EC0-301F-11D3-BF4B-00C04F79EFBC}") = "ExcepcionesQ22026", "ExcepcionesQ22026.csproj", "{864FAC57-CCA7-8C31-ADE6-226BF754FDA7}"
EndProject
Global
	GlobalSection(SolutionConfigurationPlatforms) = preSolution
		Debug|Any CPU = Debug|Any CPU
		Release|Any CPU = Release|Any CPU
	EndGlobalSection
	GlobalSection(ProjectConfigurationPlatforms) = postSolution
		{864FAC57-CCA7-8C31-ADE6-226BF754FDA7}.Debug|Any CPU.ActiveCfg = Debug|Any CPU
		{864FAC57-CCA7-8C31-ADE6-226BF754FDA7}.Debug|Any CPU.Build.0 = Debug|Any CPU
		{864FAC57-CCA7-8C31-ADE6-226BF754FDA7}.Release|Any CPU.ActiveCfg = Release|Any CPU
		{864FAC57-CCA7-8C31-ADE6-226BF754FDA7}.Release|Any CPU.Build.0 = Release|Any CPU
	EndGlobalSection
	GlobalSection(SolutionProperties) = preSolution
		HideSolutionNode = FALSE
	EndGlobalSection
	GlobalSection(ExtensibilityGlobals) = postSolution
		SolutionGuid = {EB74231D-B610-4070-97C8-90A8359CB8C0}
	EndGlobalSection
EndGlobal
